{
    "name": "analytics-decorators",
    "version": "1.0.0",
    "lockfileVersion": 1,
    "requires": true,
    "dependencies": {
        "@types/google.analytics": {
            "version": "0.0.40",
            "resolved": "https://registry.npmjs.org/@types/google.analytics/-/google.analytics-0.0.40.tgz",
            "integrity": "sha512-R3HpnLkqmKxhUAf8kIVvDVGJqPtaaZlW4yowNwjOZUTmYUQEgHh8Nh5wkSXKMroNAuQM8gbXJHmNbbgA8tdb7Q==",
            "dev": true
        },
        "reflect-metadata": {
            "version": "0.1.13",
            "resolved": "https://registry.npmjs.org/reflect-metadata/-/reflect-metadata-0.1.13.tgz",
            "integrity": "sha512-Ts1Y/anZELhSsjMcU605fU9RE4Oi3p5ORujwbIKXfWa+0Zxs510Qrmrce5/Jowq3cHSZSJqBjypxmHarc+vEWg=="
        }
    }
}
